
Microsoft Visual Studio Solution File, Format Version 12.00
# Visual Studio Version 17
VisualStudioVersion = 17.9.34616.47
MinimumVisualStudioVersion = 10.0.40219.1
Project("{FAE04EC0-301F-11D3-BF4B-00C04F79EFBC}") = "ClippingApp", "ClippingApp\ClippingApp.csproj", "{2C0E8D12-6C18-4F4D-8503-7FEA546D7771}"
EndProject
Global
	GlobalSection(SolutionConfigurationPlatforms) = preSolution
		Debug|Any CPU = Debug|Any CPU
		Release|Any CPU = Release|Any CPU
	EndGlobalSection
	GlobalSection(ProjectConfigurationPlatforms) = postSolution
		{2C0E8D12-6C18-4F4D-8503-7FEA546D7771}.Debug|Any CPU.ActiveCfg = Debug|Any CPU
		{2C0E8D12-6C18-4F4D-8503-7FEA546D7771}.Debug|Any CPU.Build.0 = Debug|Any CPU
		{2C0E8D12-6C18-4F4D-8503-7FEA546D7771}.Release|Any CPU.ActiveCfg = Release|Any CPU
		{2C0E8D12-6C18-4F4D-8503-7FEA546D7771}.Release|Any CPU.Build.0 = Release|Any CPU
	EndGlobalSection
	GlobalSection(SolutionProperties) = preSolution
		HideSolutionNode = FALSE
	EndGlobalSection
	GlobalSection(ExtensibilityGlobals) = postSolution
		SolutionGuid = {8BAE32C3-AC8F-4D05-A479-6B175F6E0D5D}
	EndGlobalSection
EndGlobal
