
Microsoft Visual Studio Solution File, Format Version 12.00
# Visual Studio Version 17
VisualStudioVersion = 17.9.34616.47
MinimumVisualStudioVersion = 10.0.40219.1
Project("{9A19103F-16F7-4668-BE54-9A1E7A4F7556}") = "ConsoleApp", "ClippingApp\ConsoleApp.csproj", "{2C0E8D12-6C18-4F4D-8503-7FEA546D7771}"
EndProject
Project("{9A19103F-16F7-4668-BE54-9A1E7A4F7556}") = "Core", "Core\Core.csproj", "{643435F6-B6D9-44C6-B070-59F6F81B2AC7}"
EndProject
Project("{9A19103F-16F7-4668-BE54-9A1E7A4F7556}") = "Application", "Application\Application.csproj", "{EED6BBC8-A4D3-4D76-987C-35ECBC2D4BBE}"
EndProject
Project("{9A19103F-16F7-4668-BE54-9A1E7A4F7556}") = "WindowApp", "WindowApp\WindowApp.csproj", "{6940F882-6CDB-471E-8FE5-19A0D110EFDA}"
EndProject
Project("{9A19103F-16F7-4668-BE54-9A1E7A4F7556}") = "DAL", "DAL\DAL.csproj", "{F0C28A7F-1339-48D9-B86C-BF15D42F8843}"
EndProject
Project("{FAE04EC0-301F-11D3-BF4B-00C04F79EFBC}") = "Tests", "Tests\Tests.csproj", "{53BF1550-96CC-4A2C-98D5-4BB299857830}"
EndProject
Global
	GlobalSection(SolutionConfigurationPlatforms) = preSolution
		Debug|Any CPU = Debug|Any CPU
		Release|Any CPU = Release|Any CPU
	EndGlobalSection
	GlobalSection(ProjectConfigurationPlatforms) = postSolution
		{2C0E8D12-6C18-4F4D-8503-7FEA546D7771}.Debug|Any CPU.ActiveCfg = Debug|Any CPU
		{2C0E8D12-6C18-4F4D-8503-7FEA546D7771}.Debug|Any CPU.Build.0 = Debug|Any CPU
		{2C0E8D12-6C18-4F4D-8503-7FEA546D7771}.Release|Any CPU.ActiveCfg = Release|Any CPU
		{2C0E8D12-6C18-4F4D-8503-7FEA546D7771}.Release|Any CPU.Build.0 = Release|Any CPU
		{643435F6-B6D9-44C6-B070-59F6F81B2AC7}.Debug|Any CPU.ActiveCfg = Debug|Any CPU
		{643435F6-B6D9-44C6-B070-59F6F81B2AC7}.Debug|Any CPU.Build.0 = Debug|Any CPU
		{643435F6-B6D9-44C6-B070-59F6F81B2AC7}.Release|Any CPU.ActiveCfg = Release|Any CPU
		{643435F6-B6D9-44C6-B070-59F6F81B2AC7}.Release|Any CPU.Build.0 = Release|Any CPU
		{EED6BBC8-A4D3-4D76-987C-35ECBC2D4BBE}.Debug|Any CPU.ActiveCfg = Debug|Any CPU
		{EED6BBC8-A4D3-4D76-987C-35ECBC2D4BBE}.Debug|Any CPU.Build.0 = Debug|Any CPU
		{EED6BBC8-A4D3-4D76-987C-35ECBC2D4BBE}.Release|Any CPU.ActiveCfg = Release|Any CPU
		{EED6BBC8-A4D3-4D76-987C-35ECBC2D4BBE}.Release|Any CPU.Build.0 = Release|Any CPU
		{6940F882-6CDB-471E-8FE5-19A0D110EFDA}.Debug|Any CPU.ActiveCfg = Debug|Any CPU
		{6940F882-6CDB-471E-8FE5-19A0D110EFDA}.Debug|Any CPU.Build.0 = Debug|Any CPU
		{6940F882-6CDB-471E-8FE5-19A0D110EFDA}.Release|Any CPU.ActiveCfg = Release|Any CPU
		{6940F882-6CDB-471E-8FE5-19A0D110EFDA}.Release|Any CPU.Build.0 = Release|Any CPU
		{F0C28A7F-1339-48D9-B86C-BF15D42F8843}.Debug|Any CPU.ActiveCfg = Debug|Any CPU
		{F0C28A7F-1339-48D9-B86C-BF15D42F8843}.Debug|Any CPU.Build.0 = Debug|Any CPU
		{F0C28A7F-1339-48D9-B86C-BF15D42F8843}.Release|Any CPU.ActiveCfg = Release|Any CPU
		{F0C28A7F-1339-48D9-B86C-BF15D42F8843}.Release|Any CPU.Build.0 = Release|Any CPU
		{53BF1550-96CC-4A2C-98D5-4BB299857830}.Debug|Any CPU.ActiveCfg = Debug|Any CPU
		{53BF1550-96CC-4A2C-98D5-4BB299857830}.Debug|Any CPU.Build.0 = Debug|Any CPU
		{53BF1550-96CC-4A2C-98D5-4BB299857830}.Release|Any CPU.ActiveCfg = Release|Any CPU
		{53BF1550-96CC-4A2C-98D5-4BB299857830}.Release|Any CPU.Build.0 = Release|Any CPU
	EndGlobalSection
	GlobalSection(SolutionProperties) = preSolution
		HideSolutionNode = FALSE
	EndGlobalSection
	GlobalSection(ExtensibilityGlobals) = postSolution
		SolutionGuid = {8BAE32C3-AC8F-4D05-A479-6B175F6E0D5D}
	EndGlobalSection
EndGlobal
